
Microsoft Visual Studio Solution File, Format Version 12.00
# Visual Studio Version 16
VisualStudioVersion = 16.0.29905.134
MinimumVisualStudioVersion = 10.0.40219.1
Project("{FAE04EC0-301F-11D3-BF4B-00C04F79EFBC}") = "HttpClientSample", "HttpClientSample\HttpClientSample.csproj", "{DA6FC487-C6E6-4619-9CEC-C8761658A389}"
EndProject
Global
	GlobalSection(SolutionConfigurationPlatforms) = preSolution
		Debug|Any CPU = Debug|Any CPU
		Release|Any CPU = Release|Any CPU
	EndGlobalSection
	GlobalSection(ProjectConfigurationPlatforms) = postSolution
		{DA6FC487-C6E6-4619-9CEC-C8761658A389}.Debug|Any CPU.ActiveCfg = Debug|Any CPU
		{DA6FC487-C6E6-4619-9CEC-C8761658A389}.Debug|Any CPU.Build.0 = Debug|Any CPU
		{DA6FC487-C6E6-4619-9CEC-C8761658A389}.Release|Any CPU.ActiveCfg = Release|Any CPU
		{DA6FC487-C6E6-4619-9CEC-C8761658A389}.Release|Any CPU.Build.0 = Release|Any CPU
	EndGlobalSection
	GlobalSection(SolutionProperties) = preSolution
		HideSolutionNode = FALSE
	EndGlobalSection
	GlobalSection(ExtensibilityGlobals) = postSolution
		SolutionGuid = {814B4BA2-E911-4812-85B7-195035F8E1EA}
	EndGlobalSection
EndGlobal
